hash: 13f65a253f55471213011e2b607e33e7bc51636962b3e600fcc5cead28b3a73c
updated: 2016-05-16T18:41:52.405463999-07:00
imports:
- name: github.com/aws/aws-sdk-go
  version: 4f9a300f2af32035b3ae8bd0ce9b0fe8412df743
  subpackages:
  - aws
  - internal/endpoints
  - internal/protocol/json/jsonutil
  - internal/protocol/jsonrpc
  - internal/protocol/query
  - internal/protocol/rest
  - internal/protocol/xml/xmlutil
  - internal/signer/v4
  - service/dynamodb
  - service/sqs
  - aws/awserr
  - aws/session
  - service/dynamodb/dynamodbiface
  - service/sqs/sqsiface
  - aws/credentials
  - aws/awsutil
  - aws/client
  - aws/client/metadata
  - aws/request
  - private/protocol/query
  - private/signer/v4
  - aws/corehandlers
  - aws/defaults
  - private/endpoints
  - private/protocol/jsonrpc
  - private/waiter
  - private/protocol/query/queryutil
  - private/protocol/xml/xmlutil
  - private/protocol/rest
  - aws/credentials/ec2rolecreds
  - aws/ec2metadata
  - private/protocol/json/jsonutil
- name: github.com/go-ini/ini
  version: 12f418cc7edc5a618a51407b7ac1f1f512139df3
- name: github.com/go-kit/kit
  version: 12b51051246657007b9296e0b289fb00dd3ab0a7
  subpackages:
  - log
  - log/levels
  - transport/http
  - endpoint
- name: github.com/go-logfmt/logfmt
  version: 538518f3a61c040f3d15f05decfffef6bd0302bc
- name: github.com/go-stack/stack
  version: 100eb0c0a9c5b306ca2fb4f165df21d80ada4b82
- name: github.com/gorilla/context
  version: 215affda49addc4c8ef7e2534915df2c8c35c6cd
- name: github.com/gorilla/mux
  version: 8096f47503459bcc74d1f4c487b7e6e42e5746b5
- name: github.com/influxdata/influxdb
  version: 3d544a9136386beeef35e09990856a7537653421
  subpackages:
  - client
  - client/v2
  - models
  - pkg/escape
- name: github.com/jmespath/go-jmespath
  version: 0b12d6b521d83fc7f755e7cfc1b1fbdd35a01a74
- name: github.com/kr/logfmt
  version: b84e30acd515aadc4b783ad4ff83aff3299bdfe0
- name: github.com/stretchr/testify
  version: e22aedd37671fb115be6c0c25129c405cb575cfd
  subpackages:
  - assert
- name: golang.org/x/net
  version: 195180cfebf7362bd243a52477697895128c8777
  subpackages:
  - context
  - context/ctxhttp
- name: gopkg.in/logfmt.v0
  version: a0ff333161fe5c2daed0ba52d1792bd3d2531b94
- name: gopkg.in/stack.v1
  version: 100eb0c0a9c5b306ca2fb4f165df21d80ada4b82
devImports: []
